
Microsoft Visual Studio Solution File, Format Version 12.00
# Visual Studio Version 17
VisualStudioVersion = 17.2.32516.85
MinimumVisualStudioVersion = 10.0.40219.1
Project("{FAE04EC0-301F-11D3-BF4B-00C04F79EFBC}") = "WebApplication1", "WebApplication1\WebApplication1.csproj", "{BCC0CB9E-84C5-4AE3-8EBB-34ACC6FACB83}"
EndProject
Global
	GlobalSection(SolutionConfigurationPlatforms) = preSolution
		Debug|Any CPU = Debug|Any CPU
		Release|Any CPU = Release|Any CPU
	EndGlobalSection
	GlobalSection(ProjectConfigurationPlatforms) = postSolution
		{BCC0CB9E-84C5-4AE3-8EBB-34ACC6FACB83}.Debug|Any CPU.ActiveCfg = Debug|Any CPU
		{BCC0CB9E-84C5-4AE3-8EBB-34ACC6FACB83}.Debug|Any CPU.Build.0 = Debug|Any CPU
		{BCC0CB9E-84C5-4AE3-8EBB-34ACC6FACB83}.Release|Any CPU.ActiveCfg = Release|Any CPU
		{BCC0CB9E-84C5-4AE3-8EBB-34ACC6FACB83}.Release|Any CPU.Build.0 = Release|Any CPU
	EndGlobalSection
	GlobalSection(SolutionProperties) = preSolution
		HideSolutionNode = FALSE
	EndGlobalSection
	GlobalSection(ExtensibilityGlobals) = postSolution
		SolutionGuid = {3064B46F-3E17-4380-BDE8-0E2811F83130}
	EndGlobalSection
EndGlobal
